<?xml version="1.0" encoding="UTF-8" standalone="yes" ?>
<CodeBlocks_project_file>
	<FileVersion major="1" minor="6" />
	<Project>
		<Option title="pdfviewer" />
		<Option pch_mode="2" />
		<Option compiler="gcc" />
		<Build>
			<Target title="PC Debug">
				<Option output=".\built\pdfviewer" prefix_auto="0" extension_auto="1" />
				<Option working_dir=".\" />
				<Option object_output=".\obj\Debug\" />
				<Option type="1" />
				<Option compiler="gcc" />
				<Option use_console_runner="0" />
				<Compiler>
					<Add option="-Wall" />
					<Add option="-g" />
					<Add option="-I. -Ifogoo -Isplash -Ixpdf" />
					<Add option="-DWIN32" />
				</Compiler>
				<Linker>
					<Add library="mingw32" />
					<Add library="SDLmain" />
					<Add library="SDL" />
					<Add library="SDL_image" />
					<Add library="SDLgfx" />
					<Add library="xpdfp" />
					<Add library="freetype" />
					<Add library="gdi32" />
					<Add library="z" />
					<Add directory=".\built" />
				</Linker>
			</Target>
			<Target title="Devkit Wiz Release">
				<Option output=".\built\pdfviewerw.gpe" prefix_auto="0" extension_auto="0" />
				<Option working_dir=".\" />
				<Option object_output=".\obj\Wiz" />
				<Option type="1" />
				<Option compiler="devkitgp2x" />
				<Option use_console_runner="0" />
				<Compiler>
					<Add option="-O2" />
					<Add option="-Wall" />
					<Add option="-march=armv5te -mtune=arm926ej-s" />
					<Add option="-I. -Ifogoo -Isplash -Ixpdf" />
					<Add option="-DGPHMODE WIZ" />
				</Compiler>
				<Linker>
					<Add option="-s" />
					<Add option="-msoft-float" />
					<Add library="SDL" />
					<Add library="SDL_gfx" />
					<Add library="xpdfw" />
					<Add library="freetype" />
					<Add library="SDL_image" />
					<Add library="png" />
					<Add library="z" />
					<Add directory=".\built" />
				</Linker>
			</Target>
			<Target title="Devkit Gp2x Release">
				<Option output=".\built\pdfviewerx.gpe" prefix_auto="0" extension_auto="0" />
				<Option working_dir=".\" />
				<Option object_output=".\obj\Gp2x" />
				<Option type="1" />
				<Option compiler="devkitgp2x" />
				<Option use_console_runner="0" />
				<Compiler>
					<Add option="-O2" />
					<Add option="-Wall" />
					<Add option="-march=armv4t -mtune=arm920t" />
					<Add option="-I. -Ifogoo -Isplash -Ixpdf" />
					<Add option="-DGPHMODE GP2X" />
				</Compiler>
				<Linker>
					<Add option="-s" />
					<Add option="-static -msoft-float" />
					<Add library="z" />
					<Add library="SDL" />
					<Add library="SDL_gfx" />
					<Add library="SDL_image" />
					<Add library="png" />
					<Add library="gcc" />
					<Add library="m" />
					<Add library="c" />
					<Add library="expat" />
					<Add library="pthread" />
					<Add library="xpdf2x" />
					<Add library="freetype" />
					<Add directory=".\built" />
				</Linker>
			</Target>
			<Target title="Gph Caanoo Release">
				<Option output=".\built\pdfviewerc.gpe" prefix_auto="0" extension_auto="0" />
				<Option working_dir=".\" />
				<Option object_output=".\obj\Caan" />
				<Option type="0" />
				<Option compiler="gph_caanoo" />
				<Compiler>
					<Add option="-O2" />
					<Add option="-Wall" />
					<Add option="-march=armv5te -mtune=arm926ej-s" />
					<Add option="-I. -Ifogoo -Isplash -Ixpdf" />
					<Add option="-DGPHMODE CAANOO" />
				</Compiler>
				<Linker>
					<Add option="-s" />
					<Add option="-msoft-float" />
					<Add library="SDL" />
					<Add library="SDL_gfx" />
					<Add library="xpdfc" />
					<Add library="freetype" />
					<Add library="SDL_image" />
					<Add library="png" />
					<Add library="z" />
					<Add directory=".\built" />
				</Linker>
			</Target>
			<Target title="Gcw Zero Release">
				<Option output=".\built\pdfviewerz.dge" prefix_auto="0" extension_auto="0" />
				<Option working_dir=".\" />
				<Option object_output=".\obj\Gcw" />
				<Option type="1" />
				<Option compiler="gcw_zero" />
				<Option use_console_runner="0" />
				<Compiler>
					<Add option="-O2" />
					<Add option="-Wall" />
					<Add option="-I. -Ifogoo -Isplash -Ixpdf" />
					<Add option="-Wno-write-strings -Wno-narrowing" />
					<Add option="-DGCW0" />
				</Compiler>
				<Linker>
					<Add option="-s" />
					<Add library="SDL" />
					<Add library="SDL_gfx" />
					<Add library="xpdfz" />
					<Add library="freetype" />
					<Add library="SDL_image" />
					<Add library="png" />
					<Add library="z" />
					<Add directory=".\built" />
				</Linker>
			</Target>
		</Build>
		<Compiler>
			<Add option="-Wall" />
		</Compiler>
		<Unit filename="aconf.h" />
		<Unit filename="aconf2.h" />
		<Unit filename="aconfwin32.h" />
		<Unit filename="dialogs.cpp" />
		<Unit filename="dialogs.h" />
		<Unit filename="fogoo\FixedPoint.h" />
		<Unit filename="fogoo\GHash.h" />
		<Unit filename="fogoo\GList.h" />
		<Unit filename="fogoo\GMutex.h" />
		<Unit filename="fogoo\GString.h" />
		<Unit filename="fogoo\gfile.h" />
		<Unit filename="fogoo\gmem.h" />
		<Unit filename="fogoo\gtypes.h" />
		<Unit filename="generals.h" />
		<Unit filename="pdfclass.cpp" />
		<Unit filename="pdfclass.h" />
		<Unit filename="pdfviewer.cpp" />
		<Unit filename="splash\Splash.h" />
		<Unit filename="splash\SplashBitmap.h" />
		<Unit filename="splash\SplashFont.h" />
		<Unit filename="splash\SplashScreen.h" />
		<Unit filename="splash\SplashTypes.h" />
		<Unit filename="wizdisk.cpp" />
		<Unit filename="wizdisk.h" />
		<Unit filename="xpdf\Error.h" />
		<Unit filename="xpdf\Object.h" />
		<Unit filename="xpdf\Outline.h" />
		<Unit filename="xpdf\OutputDev.h" />
		<Unit filename="xpdf\PDFCore.h" />
		<Unit filename="xpdf\PDFDoc.h" />
		<Unit filename="xpdf\Page.h" />
		<Unit filename="xpdf\SplashOutputDev.h" />
		<Unit filename="xpdf\Stream.h" />
		<Unit filename="xpdf\XRef.h" />
		<Unit filename="xpvideo.cpp" />
		<Unit filename="xpvideo.h" />
		<Extensions>
			<code_completion />
			<envvars />
			<debugger />
		</Extensions>
	</Project>
</CodeBlocks_project_file>
